
Microsoft Visual Studio Solution File, Format Version 12.00
# Visual Studio Version 17
VisualStudioVersion = 17.2.32630.192
MinimumVisualStudioVersion = 10.0.40219.1
Project("{FAE04EC0-301F-11D3-BF4B-00C04F79EFBC}") = "CsharpMission", "CsharpMission\CsharpMission.csproj", "{CA38A4F7-4681-4337-830C-9397177C4ED9}"
EndProject
Global
	GlobalSection(SolutionConfigurationPlatforms) = preSolution
		Debug|Any CPU = Debug|Any CPU
		Release|Any CPU = Release|Any CPU
	EndGlobalSection
	GlobalSection(ProjectConfigurationPlatforms) = postSolution
		{CA38A4F7-4681-4337-830C-9397177C4ED9}.Debug|Any CPU.ActiveCfg = Debug|Any CPU
		{CA38A4F7-4681-4337-830C-9397177C4ED9}.Debug|Any CPU.Build.0 = Debug|Any CPU
		{CA38A4F7-4681-4337-830C-9397177C4ED9}.Release|Any CPU.ActiveCfg = Release|Any CPU
		{CA38A4F7-4681-4337-830C-9397177C4ED9}.Release|Any CPU.Build.0 = Release|Any CPU
	EndGlobalSection
	GlobalSection(SolutionProperties) = preSolution
		HideSolutionNode = FALSE
	EndGlobalSection
	GlobalSection(ExtensibilityGlobals) = postSolution
		SolutionGuid = {4CC450C8-3D47-4083-AB03-6627A7B20922}
	EndGlobalSection
EndGlobal
